
Microsoft Visual Studio Solution File, Format Version 12.00
# Visual Studio 2017
Project("{FAE04EC0-301F-11D3-BF4B-00C04F79EFBC}") = "Picksies Plinko.Plugins", "Picksies Plinko.Plugins.csproj", "{142198E4-A6AE-4F3A-E94B-7FA8291D69F7}"
EndProject
Project("{FAE04EC0-301F-11D3-BF4B-00C04F79EFBC}") = "Picksies Plinko", "Picksies Plinko.csproj", "{83E38F2D-CC96-0240-5B1A-5B7BECFC1500}"
EndProject
Project("{FAE04EC0-301F-11D3-BF4B-00C04F79EFBC}") = "Picksies Plinko.Editor.Plugins", "Picksies Plinko.Editor.Plugins.csproj", "{5AC68514-3771-D9FA-09AB-8553DE87FD9D}"
EndProject
Global
	GlobalSection(SolutionConfigurationPlatforms) = preSolution
		Debug|Any CPU = Debug|Any CPU
		Release|Any CPU = Release|Any CPU
	EndGlobalSection
	GlobalSection(ProjectConfigurationPlatforms) = postSolution
		{142198E4-A6AE-4F3A-E94B-7FA8291D69F7}.Debug|Any CPU.ActiveCfg = Debug|Any CPU
		{142198E4-A6AE-4F3A-E94B-7FA8291D69F7}.Debug|Any CPU.Build.0 = Debug|Any CPU
		{142198E4-A6AE-4F3A-E94B-7FA8291D69F7}.Release|Any CPU.ActiveCfg = Release|Any CPU
		{142198E4-A6AE-4F3A-E94B-7FA8291D69F7}.Release|Any CPU.Build.0 = Release|Any CPU
		{83E38F2D-CC96-0240-5B1A-5B7BECFC1500}.Debug|Any CPU.ActiveCfg = Debug|Any CPU
		{83E38F2D-CC96-0240-5B1A-5B7BECFC1500}.Debug|Any CPU.Build.0 = Debug|Any CPU
		{83E38F2D-CC96-0240-5B1A-5B7BECFC1500}.Release|Any CPU.ActiveCfg = Release|Any CPU
		{83E38F2D-CC96-0240-5B1A-5B7BECFC1500}.Release|Any CPU.Build.0 = Release|Any CPU
		{5AC68514-3771-D9FA-09AB-8553DE87FD9D}.Debug|Any CPU.ActiveCfg = Debug|Any CPU
		{5AC68514-3771-D9FA-09AB-8553DE87FD9D}.Debug|Any CPU.Build.0 = Debug|Any CPU
		{5AC68514-3771-D9FA-09AB-8553DE87FD9D}.Release|Any CPU.ActiveCfg = Release|Any CPU
		{5AC68514-3771-D9FA-09AB-8553DE87FD9D}.Release|Any CPU.Build.0 = Release|Any CPU
	EndGlobalSection
	GlobalSection(SolutionProperties) = preSolution
		HideSolutionNode = FALSE
	EndGlobalSection
EndGlobal
